
Microsoft Visual Studio Solution File, Format Version 12.00
# Visual Studio 15
Project("{FAE04EC0-301F-11D3-BF4B-00C04F79EFBC}") = "RazorPagesMovie", "RazorPagesMovie\RazorPagesMovie.csproj", "{2EC74018-8C67-42E1-8CE9-554B01CAFF82}"
EndProject
Global
	GlobalSection(SolutionConfigurationPlatforms) = preSolution
		Debug|Any CPU = Debug|Any CPU
		Release|Any CPU = Release|Any CPU
	EndGlobalSection
	GlobalSection(ProjectConfigurationPlatforms) = postSolution
		{2EC74018-8C67-42E1-8CE9-554B01CAFF82}.Debug|Any CPU.ActiveCfg = Debug|Any CPU
		{2EC74018-8C67-42E1-8CE9-554B01CAFF82}.Debug|Any CPU.Build.0 = Debug|Any CPU
		{2EC74018-8C67-42E1-8CE9-554B01CAFF82}.Release|Any CPU.ActiveCfg = Release|Any CPU
		{2EC74018-8C67-42E1-8CE9-554B01CAFF82}.Release|Any CPU.Build.0 = Release|Any CPU
	EndGlobalSection
EndGlobal
